{
    "_readme": [
        "This file locks the dependencies of your project to a known state",
        "Read more about it at https://getcomposer.org/doc/01-basic-usage.md#installing-dependencies",
        "This file is @generated automatically"
    ],
    "content-hash": "a4c4ec8d36a894b4ebe4ff853a939256",
    "packages": [
        {
            "name": "houke/acf-icon-picker",
            "version": "dev-master",
            "source": {
                "type": "git",
                "url": "https://github.com/smeedijzer-online/acf-icon-picker.git",
                "reference": "f6a0ad1ec1979689f70bd9268a8d3e3967263a91"
            },
            "dist": {
                "type": "zip",
                "url": "https://api.github.com/repos/smeedijzer-online/acf-icon-picker/zipball/f6a0ad1ec1979689f70bd9268a8d3e3967263a91",
                "reference": "f6a0ad1ec1979689f70bd9268a8d3e3967263a91",
                "shasum": ""
            },
            "default-branch": true,
            "type": "wordpress-plugin",
            "notification-url": "https://packagist.org/downloads/",
            "authors": [
                {
                    "name": "houke"
                }
            ],
            "description": "Add ACF field for selecting SVG icons.",
            "support": {
                "source": "https://github.com/smeedijzer-online/acf-icon-picker/tree/master"
            },
            "time": "2022-10-07T20:53:37+00:00"
        }
    ],
    "packages-dev": [],
    "aliases": [],
    "minimum-stability": "stable",
    "stability-flags": {
        "houke/acf-icon-picker": 20
    },
    "prefer-stable": false,
    "prefer-lowest": false,
    "platform": [],
    "platform-dev": [],
    "plugin-api-version": "2.0.0"
}
